
Microsoft Visual Studio Solution File, Format Version 12.00
# Visual Studio Version 16
VisualStudioVersion = 16.0.30406.217
MinimumVisualStudioVersion = 10.0.40219.1
Project("{FAE04EC0-301F-11D3-BF4B-00C04F79EFBC}") = "VVayfarerApi", "VVayfarerApi\VVayfarerApi.csproj", "{71D0A375-49E6-4A94-9765-0F9E09ED09FC}"
EndProject
Global
	GlobalSection(SolutionConfigurationPlatforms) = preSolution
		Debug|Any CPU = Debug|Any CPU
		Release|Any CPU = Release|Any CPU
	EndGlobalSection
	GlobalSection(ProjectConfigurationPlatforms) = postSolution
		{71D0A375-49E6-4A94-9765-0F9E09ED09FC}.Debug|Any CPU.ActiveCfg = Debug|Any CPU
		{71D0A375-49E6-4A94-9765-0F9E09ED09FC}.Debug|Any CPU.Build.0 = Debug|Any CPU
		{71D0A375-49E6-4A94-9765-0F9E09ED09FC}.Release|Any CPU.ActiveCfg = Release|Any CPU
		{71D0A375-49E6-4A94-9765-0F9E09ED09FC}.Release|Any CPU.Build.0 = Release|Any CPU
	EndGlobalSection
	GlobalSection(SolutionProperties) = preSolution
		HideSolutionNode = FALSE
	EndGlobalSection
	GlobalSection(ExtensibilityGlobals) = postSolution
		SolutionGuid = {7FFFBC41-5FED-4480-98A8-FBD644B62ABE}
	EndGlobalSection
EndGlobal
